{
    "name": "everything",
    "version": "2.0.0",
    "lockfileVersion": 3,
    "requires": true,
    "packages": {
        "": {
            "name": "everything",
            "version": "2.0.0",
            "license": "MIT",
            "devDependencies": {
                "all-the-package-names": "^2.0.1230"
            }
        },
        "node_modules/all-the-package-names": {
            "version": "2.0.1230",
            "resolved": "https://registry.npmjs.org/all-the-package-names/-/all-the-package-names-2.0.1230.tgz",
            "integrity": "sha512-nMWcPpueezPphk/T+r9OU2iLiUEccr5V/16sVvHu5YUy+eIFSe50d/jhAhKg4tFysF7FYvZoeXObMx++Z78AEw==",
            "dev": true,
            "bin": {
                "all-the-package-names": "cli.js"
            }
        }
    }
}
