{
	"name": "everything",
	"version": "2.0.0",
	"lockfileVersion": 3,
	"requires": true,
	"packages": {
		"": {
			"version": "2.0.0",
			"dependencies": {
				"all-the-package-names": "^2.0.1230"
			},
			"devDependencies": {
				"prettier": "^3.1.1"
			}
		},
		"node_modules/all-the-package-names": {
			"version": "2.0.1230",
			"resolved": "https://registry.npmjs.org/all-the-package-names/-/all-the-package-names-2.0.1230.tgz",
			"integrity": "sha512-nMWcPpueezPphk/T+r9OU2iLiUEccr5V/16sVvHu5YUy+eIFSe50d/jhAhKg4tFysF7FYvZoeXObMx++Z78AEw==",
			"bin": {
				"all-the-package-names": "cli.js"
			}
		},
		"node_modules/prettier": {
			"version": "3.1.1",
			"resolved": "https://registry.npmjs.org/prettier/-/prettier-3.1.1.tgz",
			"integrity": "sha512-22UbSzg8luF4UuZtzgiUOfcGM8s4tjBv6dJRT7j275NXsy2jb4aJa4NNveul5x4eqlF1wuhuR2RElK71RvmVaw==",
			"dev": true,
			"bin": {
				"prettier": "bin/prettier.cjs"
			},
			"engines": {
				"node": ">=14"
			},
			"funding": {
				"url": "https://github.com/prettier/prettier?sponsor=1"
			}
		}
	}
}
